<Solution>
  <Project Path="Erp.App/Erp.App.csproj" />
  <Project Path="Erp.Application/Erp.Application.csproj" />
  <Project Path="Erp.Domain/Erp.Domain.csproj" />
  <Project Path="Erp.Infrastructure.MySql/Erp.Infrastructure.MySql.csproj" />
  <Project Path="Erp.Site/Erp.Site.csproj" />
</Solution>
